// !$*UTF8*$!
{
	archiveVersion = 1;
	classes = {
	};
	objectVersion = 50;
	objects = {

/* Begin PBXBuildFile section */
		37A3712B234B791200AB317E /* AppDelegate.m in Sources */ = {isa = PBXBuildFile; fileRef = 37A3712A234B791200AB317E /* AppDelegate.m */; };
		37A3712E234B791200AB317E /* SceneDelegate.m in Sources */ = {isa = PBXBuildFile; fileRef = 37A3712D234B791200AB317E /* SceneDelegate.m */; };
		37A37131234B791200AB317E /* ViewController.m in Sources */ = {isa = PBXBuildFile; fileRef = 37A37130234B791200AB317E /* ViewController.m */; };
		37A37134234B791200AB317E /* Main.storyboard in Resources */ = {isa = PBXBuildFile; fileRef = 37A37132234B791200AB317E /* Main.storyboard */; };
		37A37136234B791300AB317E /* Assets.xcassets in Resources */ = {isa = PBXBuildFile; fileRef = 37A37135234B791300AB317E /* Assets.xcassets */; };
		37A37139234B791300AB317E /* LaunchScreen.storyboard in Resources */ = {isa = PBXBuildFile; fileRef = 37A37137234B791300AB317E /* LaunchScreen.storyboard */; };
		37A3713C234B791300AB317E /* main.m in Sources */ = {isa = PBXBuildFile; fileRef = 37A3713B234B791300AB317E /* main.m */; };
		37A37146234B791300AB317E /* HelloWorldTests.m in Sources */ = {isa = PBXBuildFile; fileRef = 37A37145234B791300AB317E /* HelloWorldTests.m */; };
		37A37151234B791300AB317E /* HelloWorldUITests.m in Sources */ = {isa = PBXBuildFile; fileRef = 37A37150234B791300AB317E /* HelloWorldUITests.m */; };
/* End PBXBuildFile section */

/* Begin PBXContainerItemProxy section */
		37A37142234B791300AB317E /* PBXContainerItemProxy */ = {
			isa = PBXContainerItemProxy;
			containerPortal = 37A3711E234B791200AB317E /* Project object */;
			proxyType = 1;
			remoteGlobalIDString = 37A37125234B791200AB317E;
			remoteInfo = HelloWorld;
		};
		37A3714D234B791300AB317E /* PBXContainerItemProxy */ = {
			isa = PBXContainerItemProxy;
			containerPortal = 37A3711E234B791200AB317E /* Project object */;
			proxyType = 1;
			remoteGlobalIDString = 37A37125234B791200AB317E;
			remoteInfo = HelloWorld;
		};
/* End PBXContainerItemProxy section */

/* Begin PBXFileReference section */
		37A37126234B791200AB317E /* HelloWorld.app */ = {isa = PBXFileReference; explicitFileType = wrapper.application; includeInIndex = 0; path = HelloWorld.app; sourceTree = BUILT_PRODUCTS_DIR; };
		37A37129234B791200AB317E /* AppDelegate.h */ = {isa = PBXFileReference; lastKnownFileType = sourcecode.c.h; path = AppDelegate.h; sourceTree = "<group>"; };
		37A3712A234B791200AB317E /* AppDelegate.m */ = {isa = PBXFileReference; lastKnownFileType = sourcecode.c.objc; path = AppDelegate.m; sourceTree = "<group>"; };
		37A3712C234B791200AB317E /* SceneDelegate.h */ = {isa = PBXFileReference; lastKnownFileType = sourcecode.c.h; path = SceneDelegate.h; sourceTree = "<group>"; };
		37A3712D234B791200AB317E /* SceneDelegate.m */ = {isa = PBXFileReference; lastKnownFileType = sourcecode.c.objc; path = SceneDelegate.m; sourceTree = "<group>"; };
		37A3712F234B791200AB317E /* ViewController.h */ = {isa = PBXFileReference; lastKnownFileType = sourcecode.c.h; path = ViewController.h; sourceTree = "<group>"; };
		37A37130234B791200AB317E /* ViewController.m */ = {isa = PBXFileReference; lastKnownFileType = sourcecode.c.objc; path = ViewController.m; sourceTree = "<group>"; };
		37A37133234B791200AB317E /* Base */ = {isa = PBXFileReference; lastKnownFileType = file.storyboard; name = Base; path = Base.lproj/Main.storyboard; sourceTree = "<group>"; };
		37A37135234B791300AB317E /* Assets.xcassets */ = {isa = PBXFileReference; lastKnownFileType = folder.assetcatalog; path = Assets.xcassets; sourceTree = "<group>"; };
		37A37138234B791300AB317E /* Base */ = {isa = PBXFileReference; lastKnownFileType = file.storyboard; name = Base; path = Base.lproj/LaunchScreen.storyboard; sourceTree = "<group>"; };
		37A3713A234B791300AB317E /* Info.plist */ = {isa = PBXFileReference; lastKnownFileType = text.plist.xml; path = Info.plist; sourceTree = "<group>"; };
		37A3713B234B791300AB317E /* main.m */ = {isa = PBXFileReference; lastKnownFileType = sourcecode.c.objc; path = main.m; sourceTree = "<group>"; };
		37A37141234B791300AB317E /* HelloWorldTests.xctest */ = {isa = PBXFileReference; explicitFileType = wrapper.cfbundle; includeInIndex = 0; path = HelloWorldTests.xctest; sourceTree = BUILT_PRODUCTS_DIR; };
		37A37145234B791300AB317E /* HelloWorldTests.m */ = {isa = PBXFileReference; lastKnownFileType = sourcecode.c.objc; path = HelloWorldTests.m; sourceTree = "<group>"; };
		37A37147234B791300AB317E /* Info.plist */ = {isa = PBXFileReference; lastKnownFileType = text.plist.xml; path = Info.plist; sourceTree = "<group>"; };
		37A3714C234B791300AB317E /* HelloWorldUITests.xctest */ = {isa = PBXFileReference; explicitFileType = wrapper.cfbundle; includeInIndex = 0; path = HelloWorldUITests.xctest; sourceTree = BUILT_PRODUCTS_DIR; };
		37A37150234B791300AB317E /* HelloWorldUITests.m */ = {isa = PBXFileReference; lastKnownFileType = sourcecode.c.objc; path = HelloWorldUITests.m; sourceTree = "<group>"; };
		37A37152234B791300AB317E /* Info.plist */ = {isa = PBXFileReference; lastKnownFileType = text.plist.xml; path = Info.plist; sourceTree = "<group>"; };
/* End PBXFileReference section */

/* Begin PBXFrameworksBuildPhase section */
		37A37123234B791200AB317E /* Frameworks */ = {
			isa = PBXFrameworksBuildPhase;
			buildActionMask = 2147483647;
			files = (
			);
			runOnlyForDeploymentPostprocessing = 0;
		};
		37A3713E234B791300AB317E /* Frameworks */ = {
			isa = PBXFrameworksBuildPhase;
			buildActionMask = 2147483647;
			files = (
			);
			runOnlyForDeploymentPostprocessing = 0;
		};
		37A37149234B791300AB317E /* Frameworks */ = {
			isa = PBXFrameworksBuildPhase;
			buildActionMask = 2147483647;
			files = (
			);
			runOnlyForDeploymentPostprocessing = 0;
		};
/* End PBXFrameworksBuildPhase section */

/* Begin PBXGroup section */
		37A3711D234B791200AB317E = {
			isa = PBXGroup;
			children = (
				37A37128234B791200AB317E /* HelloWorld */,
				37A37144234B791300AB317E /* HelloWorldTests */,
				37A3714F234B791300AB317E /* HelloWorldUITests */,
				37A37127234B791200AB317E /* Products */,
			);
			sourceTree = "<group>";
		};
		37A37127234B791200AB317E /* Products */ = {
			isa = PBXGroup;
			children = (
				37A37126234B791200AB317E /* HelloWorld.app */,
				37A37141234B791300AB317E /* HelloWorldTests.xctest */,
				37A3714C234B791300AB317E /* HelloWorldUITests.xctest */,
			);
			name = Products;
			sourceTree = "<group>";
		};
		37A37128234B791200AB317E /* HelloWorld */ = {
			isa = PBXGroup;
			children = (
				37A37129234B791200AB317E /* AppDelegate.h */,
				37A3712A234B791200AB317E /* AppDelegate.m */,
				37A3712C234B791200AB317E /* SceneDelegate.h */,
				37A3712D234B791200AB317E /* SceneDelegate.m */,
				37A3712F234B791200AB317E /* ViewController.h */,
				37A37130234B791200AB317E /* ViewController.m */,
				37A37132234B791200AB317E /* Main.storyboard */,
				37A37135234B791300AB317E /* Assets.xcassets */,
				37A37137234B791300AB317E /* LaunchScreen.storyboard */,
				37A3713A234B791300AB317E /* Info.plist */,
				37A3713B234B791300AB317E /* main.m */,
			);
			path = HelloWorld;
			sourceTree = "<group>";
		};
		37A37144234B791300AB317E /* HelloWorldTests */ = {
			isa = PBXGroup;
			children = (
				37A37145234B791300AB317E /* HelloWorldTests.m */,
				37A37147234B791300AB317E /* Info.plist */,
			);
			path = HelloWorldTests;
			sourceTree = "<group>";
		};
		37A3714F234B791300AB317E /* HelloWorldUITests */ = {
			isa = PBXGroup;
			children = (
				37A37150234B791300AB317E /* HelloWorldUITests.m */,
				37A37152234B791300AB317E /* Info.plist */,
			);
			path = HelloWorldUITests;
			sourceTree = "<group>";
		};
/* End PBXGroup section */

/* Begin PBXNativeTarget section */
		37A37125234B791200AB317E /* HelloWorld */ = {
			isa = PBXNativeTarget;
			buildConfigurationList = 37A37155234B791300AB317E /* Build configuration list for PBXNativeTarget "HelloWorld" */;
			buildPhases = (
				37A37122234B791200AB317E /* Sources */,
				37A37123234B791200AB317E /* Frameworks */,
				37A37124234B791200AB317E /* Resources */,
			);
			buildRules = (
			);
			dependencies = (
			);
			name = HelloWorld;
			productName = HelloWorld;
			productReference = 37A37126234B791200AB317E /* HelloWorld.app */;
			productType = "com.apple.product-type.application";
		};
		37A37140234B791300AB317E /* HelloWorldTests */ = {
			isa = PBXNativeTarget;
			buildConfigurationList = 37A37158234B791300AB317E /* Build configuration list for PBXNativeTarget "HelloWorldTests" */;
			buildPhases = (
				37A3713D234B791300AB317E /* Sources */,
				37A3713E234B791300AB317E /* Frameworks */,
				37A3713F234B791300AB317E /* Resources */,
			);
			buildRules = (
			);
			dependencies = (
				37A37143234B791300AB317E /* PBXTargetDependency */,
			);
			name = HelloWorldTests;
			productName = HelloWorldTests;
			productReference = 37A37141234B791300AB317E /* HelloWorldTests.xctest */;
			productType = "com.apple.product-type.bundle.unit-test";
		};
		37A3714B234B791300AB317E /* HelloWorldUITests */ = {
			isa = PBXNativeTarget;
			buildConfigurationList = 37A3715B234B791300AB317E /* Build configuration list for PBXNativeTarget "HelloWorldUITests" */;
			buildPhases = (
				37A37148234B791300AB317E /* Sources */,
				37A37149234B791300AB317E /* Frameworks */,
				37A3714A234B791300AB317E /* Resources */,
			);
			buildRules = (
			);
			dependencies = (
				37A3714E234B791300AB317E /* PBXTargetDependency */,
			);
			name = HelloWorldUITests;
			productName = HelloWorldUITests;
			productReference = 37A3714C234B791300AB317E /* HelloWorldUITests.xctest */;
			productType = "com.apple.product-type.bundle.ui-testing";
		};
/* End PBXNativeTarget section */

/* Begin PBXProject section */
		37A3711E234B791200AB317E /* Project object */ = {
			isa = PBXProject;
			attributes = {
				LastUpgradeCheck = 1100;
				ORGANIZATIONNAME = estech;
				TargetAttributes = {
					37A37125234B791200AB317E = {
						CreatedOnToolsVersion = 11.0;
					};
					37A37140234B791300AB317E = {
						CreatedOnToolsVersion = 11.0;
						TestTargetID = 37A37125234B791200AB317E;
					};
					37A3714B234B791300AB317E = {
						CreatedOnToolsVersion = 11.0;
						TestTargetID = 37A37125234B791200AB317E;
					};
				};
			};
			buildConfigurationList = 37A37121234B791200AB317E /* Build configuration list for PBXProject "HelloWorld" */;
			compatibilityVersion = "Xcode 9.3";
			developmentRegion = en;
			hasScannedForEncodings = 0;
			knownRegions = (
				en,
				Base,
			);
			mainGroup = 37A3711D234B791200AB317E;
			productRefGroup = 37A37127234B791200AB317E /* Products */;
			projectDirPath = "";
			projectRoot = "";
			targets = (
				37A37125234B791200AB317E /* HelloWorld */,
				37A37140234B791300AB317E /* HelloWorldTests */,
				37A3714B234B791300AB317E /* HelloWorldUITests */,
			);
		};
/* End PBXProject section */

/* Begin PBXResourcesBuildPhase section */
		37A37124234B791200AB317E /* Resources */ = {
			isa = PBXResourcesBuildPhase;
			buildActionMask = 2147483647;
			files = (
				37A37139234B791300AB317E /* LaunchScreen.storyboard in Resources */,
				37A37136234B791300AB317E /* Assets.xcassets in Resources */,
				37A37134234B791200AB317E /* Main.storyboard in Resources */,
			);
			runOnlyForDeploymentPostprocessing = 0;
		};
		37A3713F234B791300AB317E /* Resources */ = {
			isa = PBXResourcesBuildPhase;
			buildActionMask = 2147483647;
			files = (
			);
			runOnlyForDeploymentPostprocessing = 0;
		};
		37A3714A234B791300AB317E /* Resources */ = {
			isa = PBXResourcesBuildPhase;
			buildActionMask = 2147483647;
			files = (
			);
			runOnlyForDeploymentPostprocessing = 0;
		};
/* End PBXResourcesBuildPhase section */

/* Begin PBXSourcesBuildPhase section */
		37A37122234B791200AB317E /* Sources */ = {
			isa = PBXSourcesBuildPhase;
			buildActionMask = 2147483647;
			files = (
				37A37131234B791200AB317E /* ViewController.m in Sources */,
				37A3712B234B791200AB317E /* AppDelegate.m in Sources */,
				37A3713C234B791300AB317E /* main.m in Sources */,
				37A3712E234B791200AB317E /* SceneDelegate.m in Sources */,
			);
			runOnlyForDeploymentPostprocessing = 0;
		};
		37A3713D234B791300AB317E /* Sources */ = {
			isa = PBXSourcesBuildPhase;
			buildActionMask = 2147483647;
			files = (
				37A37146234B791300AB317E /* HelloWorldTests.m in Sources */,
			);
			runOnlyForDeploymentPostprocessing = 0;
		};
		37A37148234B791300AB317E /* Sources */ = {
			isa = PBXSourcesBuildPhase;
			buildActionMask = 2147483647;
			files = (
				37A37151234B791300AB317E /* HelloWorldUITests.m in Sources */,
			);
			runOnlyForDeploymentPostprocessing = 0;
		};
/* End PBXSourcesBuildPhase section */

/* Begin PBXTargetDependency section */
		37A37143234B791300AB317E /* PBXTargetDependency */ = {
			isa = PBXTargetDependency;
			target = 37A37125234B791200AB317E /* HelloWorld */;
			targetProxy = 37A37142234B791300AB317E /* PBXContainerItemProxy */;
		};
		37A3714E234B791300AB317E /* PBXTargetDependency */ = {
			isa = PBXTargetDependency;
			target = 37A37125234B791200AB317E /* HelloWorld */;
			targetProxy = 37A3714D234B791300AB317E /* PBXContainerItemProxy */;
		};
/* End PBXTargetDependency section */

/* Begin PBXVariantGroup section */
		37A37132234B791200AB317E /* Main.storyboard */ = {
			isa = PBXVariantGroup;
			children = (
				37A37133234B791200AB317E /* Base */,
			);
			name = Main.storyboard;
			sourceTree = "<group>";
		};
		37A37137234B791300AB317E /* LaunchScreen.storyboard */ = {
			isa = PBXVariantGroup;
			children = (
				37A37138234B791300AB317E /* Base */,
			);
			name = LaunchScreen.storyboard;
			sourceTree = "<group>";
		};
/* End PBXVariantGroup section */

/* Begin XCBuildConfiguration section */
		37A37153234B791300AB317E /* Debug */ = {
			isa = XCBuildConfiguration;
			buildSettings = {
				ALWAYS_SEARCH_USER_PATHS = NO;
				CLANG_ANALYZER_NONNULL = YES;
				CLANG_ANALYZER_NUMBER_OBJECT_CONVERSION = YES_AGGRESSIVE;
				CLANG_CXX_LANGUAGE_STANDARD = "gnu++14";
				CLANG_CXX_LIBRARY = "libc++";
				CLANG_ENABLE_MODULES = YES;
				CLANG_ENABLE_OBJC_ARC = YES;
				CLANG_ENABLE_OBJC_WEAK = YES;
				CLANG_WARN_BLOCK_CAPTURE_AUTORELEASING = YES;
				CLANG_WARN_BOOL_CONVERSION = YES;
				CLANG_WARN_COMMA = YES;
				CLANG_WARN_CONSTANT_CONVERSION = YES;
				CLANG_WARN_DEPRECATED_OBJC_IMPLEMENTATIONS = YES;
				CLANG_WARN_DIRECT_OBJC_ISA_USAGE = YES_ERROR;
				CLANG_WARN_DOCUMENTATION_COMMENTS = YES;
				CLANG_WARN_EMPTY_BODY = YES;
				CLANG_WARN_ENUM_CONVERSION = YES;
				CLANG_WARN_INFINITE_RECURSION = YES;
				CLANG_WARN_INT_CONVERSION = YES;
				CLANG_WARN_NON_LITERAL_NULL_CONVERSION = YES;
				CLANG_WARN_OBJC_IMPLICIT_RETAIN_SELF = YES;
				CLANG_WARN_OBJC_LITERAL_CONVERSION = YES;
				CLANG_WARN_OBJC_ROOT_CLASS = YES_ERROR;
				CLANG_WARN_RANGE_LOOP_ANALYSIS = YES;
				CLANG_WARN_STRICT_PROTOTYPES = YES;
				CLANG_WARN_SUSPICIOUS_MOVE = YES;
				CLANG_WARN_UNGUARDED_AVAILABILITY = YES_AGGRESSIVE;
				CLANG_WARN_UNREACHABLE_CODE = YES;
				CLANG_WARN__DUPLICATE_METHOD_MATCH = YES;
				COPY_PHASE_STRIP = NO;
				DEBUG_INFORMATION_FORMAT = dwarf;
				ENABLE_STRICT_OBJC_MSGSEND = YES;
				ENABLE_TESTABILITY = YES;
				GCC_C_LANGUAGE_STANDARD = gnu11;
				GCC_DYNAMIC_NO_PIC = NO;
				GCC_NO_COMMON_BLOCKS = YES;
				GCC_OPTIMIZATION_LEVEL = 0;
				GCC_PREPROCESSOR_DEFINITIONS = (
					"DEBUG=1",
					"$(inherited)",
				);
				GCC_WARN_64_TO_32_BIT_CONVERSION = YES;
				GCC_WARN_ABOUT_RETURN_TYPE = YES_ERROR;
				GCC_WARN_UNDECLARED_SELECTOR = YES;
				GCC_WARN_UNINITIALIZED_AUTOS = YES_AGGRESSIVE;
				GCC_WARN_UNUSED_FUNCTION = YES;
				GCC_WARN_UNUSED_VARIABLE = YES;
				IPHONEOS_DEPLOYMENT_TARGET = 13.0;
				MTL_ENABLE_DEBUG_INFO = INCLUDE_SOURCE;
				MTL_FAST_MATH = YES;
				ONLY_ACTIVE_ARCH = YES;
				SDKROOT = iphoneos;
			};
			name = Debug;
		};
		37A37154234B791300AB317E /* Release */ = {
			isa = XCBuildConfiguration;
			buildSettings = {
				ALWAYS_SEARCH_USER_PATHS = NO;
				CLANG_ANALYZER_NONNULL = YES;
				CLANG_ANALYZER_NUMBER_OBJECT_CONVERSION = YES_AGGRESSIVE;
				CLANG_CXX_LANGUAGE_STANDARD = "gnu++14";
				CLANG_CXX_LIBRARY = "libc++";
				CLANG_ENABLE_MODULES = YES;
				CLANG_ENABLE_OBJC_ARC = YES;
				CLANG_ENABLE_OBJC_WEAK = YES;
				CLANG_WARN_BLOCK_CAPTURE_AUTORELEASING = YES;
				CLANG_WARN_BOOL_CONVERSION = YES;
				CLANG_WARN_COMMA = YES;
				CLANG_WARN_CONSTANT_CONVERSION = YES;
				CLANG_WARN_DEPRECATED_OBJC_IMPLEMENTATIONS = YES;
				CLANG_WARN_DIRECT_OBJC_ISA_USAGE = YES_ERROR;
				CLANG_WARN_DOCUMENTATION_COMMENTS = YES;
				CLANG_WARN_EMPTY_BODY = YES;
				CLANG_WARN_ENUM_CONVERSION = YES;
				CLANG_WARN_INFINITE_RECURSION = YES;
				CLANG_WARN_INT_CONVERSION = YES;
				CLANG_WARN_NON_LITERAL_NULL_CONVERSION = YES;
				CLANG_WARN_OBJC_IMPLICIT_RETAIN_SELF = YES;
				CLANG_WARN_OBJC_LITERAL_CONVERSION = YES;
				CLANG_WARN_OBJC_ROOT_CLASS = YES_ERROR;
				CLANG_WARN_RANGE_LOOP_ANALYSIS = YES;
				CLANG_WARN_STRICT_PROTOTYPES = YES;
				CLANG_WARN_SUSPICIOUS_MOVE = YES;
				CLANG_WARN_UNGUARDED_AVAILABILITY = YES_AGGRESSIVE;
				CLANG_WARN_UNREACHABLE_CODE = YES;
				CLANG_WARN__DUPLICATE_METHOD_MATCH = YES;
				COPY_PHASE_STRIP = NO;
				DEBUG_INFORMATION_FORMAT = "dwarf-with-dsym";
				ENABLE_NS_ASSERTIONS = NO;
				ENABLE_STRICT_OBJC_MSGSEND = YES;
				GCC_C_LANGUAGE_STANDARD = gnu11;
				GCC_NO_COMMON_BLOCKS = YES;
				GCC_WARN_64_TO_32_BIT_CONVERSION = YES;
				GCC_WARN_ABOUT_RETURN_TYPE = YES_ERROR;
				GCC_WARN_UNDECLARED_SELECTOR = YES;
				GCC_WARN_UNINITIALIZED_AUTOS = YES_AGGRESSIVE;
				GCC_WARN_UNUSED_FUNCTION = YES;
				GCC_WARN_UNUSED_VARIABLE = YES;
				IPHONEOS_DEPLOYMENT_TARGET = 13.0;
				MTL_ENABLE_DEBUG_INFO = NO;
				MTL_FAST_MATH = YES;
				SDKROOT = iphoneos;
				VALIDATE_PRODUCT = YES;
			};
			name = Release;
		};
		37A37156234B791300AB317E /* Debug */ = {
			isa = XCBuildConfiguration;
			buildSettings = {
				ASSETCATALOG_COMPILER_APPICON_NAME = AppIcon;
				CODE_SIGN_STYLE = Automatic;
				INFOPLIST_FILE = HelloWorld/Info.plist;
				LD_RUNPATH_SEARCH_PATHS = (
					"$(inherited)",
					"@executable_path/Frameworks",
				);
				PRODUCT_BUNDLE_IDENTIFIER = estech.HelloWorld;
				PRODUCT_NAME = "$(TARGET_NAME)";
				TARGETED_DEVICE_FAMILY = "1,2";
			};
			name = Debug;
		};
		37A37157234B791300AB317E /* Release */ = {
			isa = XCBuildConfiguration;
			buildSettings = {
				ASSETCATALOG_COMPILER_APPICON_NAME = AppIcon;
				CODE_SIGN_STYLE = Automatic;
				INFOPLIST_FILE = HelloWorld/Info.plist;
				LD_RUNPATH_SEARCH_PATHS = (
					"$(inherited)",
					"@executable_path/Frameworks",
				);
				PRODUCT_BUNDLE_IDENTIFIER = estech.HelloWorld;
				PRODUCT_NAME = "$(TARGET_NAME)";
				TARGETED_DEVICE_FAMILY = "1,2";
			};
			name = Release;
		};
		37A37159234B791300AB317E /* Debug */ = {
			isa = XCBuildConfiguration;
			buildSettings = {
				BUNDLE_LOADER = "$(TEST_HOST)";
				CODE_SIGN_STYLE = Automatic;
				INFOPLIST_FILE = HelloWorldTests/Info.plist;
				IPHONEOS_DEPLOYMENT_TARGET = 13.0;
				LD_RUNPATH_SEARCH_PATHS = (
					"$(inherited)",
					"@executable_path/Frameworks",
					"@loader_path/Frameworks",
				);
				PRODUCT_BUNDLE_IDENTIFIER = estech.HelloWorldTests;
				PRODUCT_NAME = "$(TARGET_NAME)";
				TARGETED_DEVICE_FAMILY = "1,2";
				TEST_HOST = "$(BUILT_PRODUCTS_DIR)/HelloWorld.app/HelloWorld";
			};
			name = Debug;
		};
		37A3715A234B791300AB317E /* Release */ = {
			isa = XCBuildConfiguration;
			buildSettings = {
				BUNDLE_LOADER = "$(TEST_HOST)";
				CODE_SIGN_STYLE = Automatic;
				INFOPLIST_FILE = HelloWorldTests/Info.plist;
				IPHONEOS_DEPLOYMENT_TARGET = 13.0;
				LD_RUNPATH_SEARCH_PATHS = (
					"$(inherited)",
					"@executable_path/Frameworks",
					"@loader_path/Frameworks",
				);
				PRODUCT_BUNDLE_IDENTIFIER = estech.HelloWorldTests;
				PRODUCT_NAME = "$(TARGET_NAME)";
				TARGETED_DEVICE_FAMILY = "1,2";
				TEST_HOST = "$(BUILT_PRODUCTS_DIR)/HelloWorld.app/HelloWorld";
			};
			name = Release;
		};
		37A3715C234B791300AB317E /* Debug */ = {
			isa = XCBuildConfiguration;
			buildSettings = {
				CODE_SIGN_STYLE = Automatic;
				INFOPLIST_FILE = HelloWorldUITests/Info.plist;
				LD_RUNPATH_SEARCH_PATHS = (
					"$(inherited)",
					"@executable_path/Frameworks",
					"@loader_path/Frameworks",
				);
				PRODUCT_BUNDLE_IDENTIFIER = estech.HelloWorldUITests;
				PRODUCT_NAME = "$(TARGET_NAME)";
				TARGETED_DEVICE_FAMILY = "1,2";
				TEST_TARGET_NAME = HelloWorld;
			};
			name = Debug;
		};
		37A3715D234B791300AB317E /* Release */ = {
			isa = XCBuildConfiguration;
			buildSettings = {
				CODE_SIGN_STYLE = Automatic;
				INFOPLIST_FILE = HelloWorldUITests/Info.plist;
				LD_RUNPATH_SEARCH_PATHS = (
					"$(inherited)",
					"@executable_path/Frameworks",
					"@loader_path/Frameworks",
				);
				PRODUCT_BUNDLE_IDENTIFIER = estech.HelloWorldUITests;
				PRODUCT_NAME = "$(TARGET_NAME)";
				TARGETED_DEVICE_FAMILY = "1,2";
				TEST_TARGET_NAME = HelloWorld;
			};
			name = Release;
		};
/* End XCBuildConfiguration section */

/* Begin XCConfigurationList section */
		37A37121234B791200AB317E /* Build configuration list for PBXProject "HelloWorld" */ = {
			isa = XCConfigurationList;
			buildConfigurations = (
				37A37153234B791300AB317E /* Debug */,
				37A37154234B791300AB317E /* Release */,
			);
			defaultConfigurationIsVisible = 0;
			defaultConfigurationName = Release;
		};
		37A37155234B791300AB317E /* Build configuration list for PBXNativeTarget "HelloWorld" */ = {
			isa = XCConfigurationList;
			buildConfigurations = (
				37A37156234B791300AB317E /* Debug */,
				37A37157234B791300AB317E /* Release */,
			);
			defaultConfigurationIsVisible = 0;
			defaultConfigurationName = Release;
		};
		37A37158234B791300AB317E /* Build configuration list for PBXNativeTarget "HelloWorldTests" */ = {
			isa = XCConfigurationList;
			buildConfigurations = (
				37A37159234B791300AB317E /* Debug */,
				37A3715A234B791300AB317E /* Release */,
			);
			defaultConfigurationIsVisible = 0;
			defaultConfigurationName = Release;
		};
		37A3715B234B791300AB317E /* Build configuration list for PBXNativeTarget "HelloWorldUITests" */ = {
			isa = XCConfigurationList;
			buildConfigurations = (
				37A3715C234B791300AB317E /* Debug */,
				37A3715D234B791300AB317E /* Release */,
			);
			defaultConfigurationIsVisible = 0;
			defaultConfigurationName = Release;
		};
/* End XCConfigurationList section */
	};
	rootObject = 37A3711E234B791200AB317E /* Project object */;
}
